
Microsoft Visual Studio Solution File, Format Version 11.00
# Visual Studio 2010
# SharpDevelop 5.1
Project("{FAE04EC0-301F-11D3-BF4B-00C04F79EFBC}") = "pingsrc", "pingsrc\pingsrc.csproj", "{F9671EC9-F43E-43B6-B184-88FC1E4CB649}"
EndProject
Project("{FAE04EC0-301F-11D3-BF4B-00C04F79EFBC}") = "pingator", "pingator\pingator.csproj", "{58C724C1-5C0F-47A9-BAEF-EDD8A4D00D97}"
EndProject
Global
	GlobalSection(SolutionConfigurationPlatforms) = preSolution
		Debug|Any CPU = Debug|Any CPU
		Release|Any CPU = Release|Any CPU
	EndGlobalSection
	GlobalSection(ProjectConfigurationPlatforms) = postSolution
		{F9671EC9-F43E-43B6-B184-88FC1E4CB649}.Debug|Any CPU.ActiveCfg = Debug|Any CPU
		{F9671EC9-F43E-43B6-B184-88FC1E4CB649}.Debug|Any CPU.Build.0 = Debug|Any CPU
		{F9671EC9-F43E-43B6-B184-88FC1E4CB649}.Release|Any CPU.ActiveCfg = Release|Any CPU
		{F9671EC9-F43E-43B6-B184-88FC1E4CB649}.Release|Any CPU.Build.0 = Release|Any CPU
		{58C724C1-5C0F-47A9-BAEF-EDD8A4D00D97}.Debug|Any CPU.ActiveCfg = Debug|Any CPU
		{58C724C1-5C0F-47A9-BAEF-EDD8A4D00D97}.Debug|Any CPU.Build.0 = Debug|Any CPU
		{58C724C1-5C0F-47A9-BAEF-EDD8A4D00D97}.Release|Any CPU.ActiveCfg = Release|Any CPU
		{58C724C1-5C0F-47A9-BAEF-EDD8A4D00D97}.Release|Any CPU.Build.0 = Release|Any CPU
	EndGlobalSection
EndGlobal
